
Microsoft Visual Studio Solution File, Format Version 12.00
# Visual Studio Version 16
VisualStudioVersion = 16.0.29230.47
MinimumVisualStudioVersion = 10.0.40219.1
Project("{FAE04EC0-301F-11D3-BF4B-00C04F79EFBC}") = "B-Trader", "B-Trader\B-Trader.csproj", "{E36C231F-851E-4D88-855A-97A7CD601FCB}"
EndProject
Project("{9A19103F-16F7-4668-BE54-9A1E7A4F7556}") = "Binance.NET", "..\Binance.NET\Binance.NET\Binance.NET.csproj", "{CE6CCD02-4486-4529-823B-75386908583F}"
EndProject
Global
	GlobalSection(SolutionConfigurationPlatforms) = preSolution
		Debug|Any CPU = Debug|Any CPU
		Release|Any CPU = Release|Any CPU
	EndGlobalSection
	GlobalSection(ProjectConfigurationPlatforms) = postSolution
		{E36C231F-851E-4D88-855A-97A7CD601FCB}.Debug|Any CPU.ActiveCfg = Debug|Any CPU
		{E36C231F-851E-4D88-855A-97A7CD601FCB}.Debug|Any CPU.Build.0 = Debug|Any CPU
		{E36C231F-851E-4D88-855A-97A7CD601FCB}.Release|Any CPU.ActiveCfg = Release|Any CPU
		{E36C231F-851E-4D88-855A-97A7CD601FCB}.Release|Any CPU.Build.0 = Release|Any CPU
		{CE6CCD02-4486-4529-823B-75386908583F}.Debug|Any CPU.ActiveCfg = Debug|Any CPU
		{CE6CCD02-4486-4529-823B-75386908583F}.Debug|Any CPU.Build.0 = Debug|Any CPU
		{CE6CCD02-4486-4529-823B-75386908583F}.Release|Any CPU.ActiveCfg = Release|Any CPU
		{CE6CCD02-4486-4529-823B-75386908583F}.Release|Any CPU.Build.0 = Release|Any CPU
		{26FF8C64-6056-43EA-84D6-EEFA4D406999}.Debug|Any CPU.ActiveCfg = Debug|Any CPU
		{26FF8C64-6056-43EA-84D6-EEFA4D406999}.Debug|Any CPU.Build.0 = Debug|Any CPU
		{26FF8C64-6056-43EA-84D6-EEFA4D406999}.Release|Any CPU.ActiveCfg = Release|Any CPU
		{26FF8C64-6056-43EA-84D6-EEFA4D406999}.Release|Any CPU.Build.0 = Release|Any CPU
	EndGlobalSection
	GlobalSection(SolutionProperties) = preSolution
		HideSolutionNode = FALSE
	EndGlobalSection
	GlobalSection(ExtensibilityGlobals) = postSolution
		SolutionGuid = {7B512EA6-C3B3-4AE8-B310-C0814A393FEB}
	EndGlobalSection
EndGlobal
